
Microsoft Visual Studio Solution File, Format Version 11.00
# Visual Studio 2010
Project("{FAE04EC0-301F-11D3-BF4B-00C04F79EFBC}") = "CubeRollz", "Assembly-CSharp.csproj", "{8360E700-EC20-F416-231A-709D6065C347}"
EndProject
Project("{FAE04EC0-301F-11D3-BF4B-00C04F79EFBC}") = "CubeRollz", "Assembly-CSharp-firstpass.csproj", "{BF7ECBAD-0713-CE8B-E355-7A43D34ABA79}"
EndProject
Project("{FAE04EC0-301F-11D3-BF4B-00C04F79EFBC}") = "CubeRollz", "Assembly-CSharp-Editor.csproj", "{1C5E9DD5-835A-541F-C537-7CDE8026DD1A}"
EndProject
Global
	GlobalSection(SolutionConfigurationPlatforms) = preSolution
		Debug|Any CPU = Debug|Any CPU
		Release|Any CPU = Release|Any CPU
	EndGlobalSection
	GlobalSection(ProjectConfigurationPlatforms) = postSolution
		{8360E700-EC20-F416-231A-709D6065C347}.Debug|Any CPU.ActiveCfg = Debug|Any CPU
		{8360E700-EC20-F416-231A-709D6065C347}.Debug|Any CPU.Build.0 = Debug|Any CPU
		{8360E700-EC20-F416-231A-709D6065C347}.Release|Any CPU.ActiveCfg = Release|Any CPU
		{8360E700-EC20-F416-231A-709D6065C347}.Release|Any CPU.Build.0 = Release|Any CPU
		{BF7ECBAD-0713-CE8B-E355-7A43D34ABA79}.Debug|Any CPU.ActiveCfg = Debug|Any CPU
		{BF7ECBAD-0713-CE8B-E355-7A43D34ABA79}.Debug|Any CPU.Build.0 = Debug|Any CPU
		{BF7ECBAD-0713-CE8B-E355-7A43D34ABA79}.Release|Any CPU.ActiveCfg = Release|Any CPU
		{BF7ECBAD-0713-CE8B-E355-7A43D34ABA79}.Release|Any CPU.Build.0 = Release|Any CPU
		{1C5E9DD5-835A-541F-C537-7CDE8026DD1A}.Debug|Any CPU.ActiveCfg = Debug|Any CPU
		{1C5E9DD5-835A-541F-C537-7CDE8026DD1A}.Debug|Any CPU.Build.0 = Debug|Any CPU
		{1C5E9DD5-835A-541F-C537-7CDE8026DD1A}.Release|Any CPU.ActiveCfg = Release|Any CPU
		{1C5E9DD5-835A-541F-C537-7CDE8026DD1A}.Release|Any CPU.Build.0 = Release|Any CPU
	EndGlobalSection
	GlobalSection(SolutionProperties) = preSolution
		HideSolutionNode = FALSE
	EndGlobalSection
	GlobalSection(MonoDevelopProperties) = preSolution
		StartupItem = Assembly-CSharp.csproj
	EndGlobalSection
EndGlobal
